
Microsoft Visual Studio Solution File, Format Version 12.00
# Visual Studio 15
Project("{FAE04EC0-301F-11D3-BF4B-00C04F79EFBC}") = "PhotonUnityNetworking.Utilities", "PhotonUnityNetworking.Utilities.csproj", "{33A6F57E-3AA6-A11E-2AD3-721E9AB0084D}"
EndProject
Project("{FAE04EC0-301F-11D3-BF4B-00C04F79EFBC}") = "Assembly-CSharp", "Assembly-CSharp.csproj", "{C4053576-8146-1F8A-8452-C6D4405765A3}"
EndProject
Project("{FAE04EC0-301F-11D3-BF4B-00C04F79EFBC}") = "PhotonUnityNetworking.Demos", "PhotonUnityNetworking.Demos.csproj", "{956432B6-6075-6AC5-A800-BF5FF54494A7}"
EndProject
Project("{FAE04EC0-301F-11D3-BF4B-00C04F79EFBC}") = "PhotonUnityNetworking", "PhotonUnityNetworking.csproj", "{0463EF6E-51DD-6AF5-BFC6-081F851C6978}"
EndProject
Project("{FAE04EC0-301F-11D3-BF4B-00C04F79EFBC}") = "PhotonChat", "PhotonChat.csproj", "{F9327D1F-C716-AB4B-E2F3-74F5DDF6E0B6}"
EndProject
Project("{FAE04EC0-301F-11D3-BF4B-00C04F79EFBC}") = "PhotonRealtime", "PhotonRealtime.csproj", "{948FB553-547E-9FF7-F33D-65181A90229F}"
EndProject
Project("{FAE04EC0-301F-11D3-BF4B-00C04F79EFBC}") = "PhotonUnityNetworking.Editor", "PhotonUnityNetworking.Editor.csproj", "{C80BABC9-06DB-30A3-7553-B359DA96A367}"
EndProject
Project("{FAE04EC0-301F-11D3-BF4B-00C04F79EFBC}") = "PhotonUnityNetworking.Utilities.PhotonPlayer.Editor", "PhotonUnityNetworking.Utilities.PhotonPlayer.Editor.csproj", "{117733E0-25BD-0841-4EF4-D52DD28AB7A0}"
EndProject
Project("{FAE04EC0-301F-11D3-BF4B-00C04F79EFBC}") = "PunDemos.DemoSlotcarEditor", "PunDemos.DemoSlotcarEditor.csproj", "{CE010106-DA07-7FCE-7988-7226596489C2}"
EndProject
Project("{FAE04EC0-301F-11D3-BF4B-00C04F79EFBC}") = "PhotonUnityNetworking.Utilities.Culling.Editor", "PhotonUnityNetworking.Utilities.Culling.Editor.csproj", "{D427DB8C-E66F-C3C6-5870-D12D73C2C96D}"
EndProject
Project("{FAE04EC0-301F-11D3-BF4B-00C04F79EFBC}") = "PunDemos.DemoHubEditor", "PunDemos.DemoHubEditor.csproj", "{39471868-0D29-3078-D8A8-C83643AC515D}"
EndProject
Global
	GlobalSection(SolutionConfigurationPlatforms) = preSolution
		Debug|Any CPU = Debug|Any CPU
		Release|Any CPU = Release|Any CPU
	EndGlobalSection
	GlobalSection(ProjectConfigurationPlatforms) = postSolution
		{33A6F57E-3AA6-A11E-2AD3-721E9AB0084D}.Debug|Any CPU.ActiveCfg = Debug|Any CPU
		{33A6F57E-3AA6-A11E-2AD3-721E9AB0084D}.Debug|Any CPU.Build.0 = Debug|Any CPU
		{33A6F57E-3AA6-A11E-2AD3-721E9AB0084D}.Release|Any CPU.ActiveCfg = Release|Any CPU
		{33A6F57E-3AA6-A11E-2AD3-721E9AB0084D}.Release|Any CPU.Build.0 = Release|Any CPU
		{C4053576-8146-1F8A-8452-C6D4405765A3}.Debug|Any CPU.ActiveCfg = Debug|Any CPU
		{C4053576-8146-1F8A-8452-C6D4405765A3}.Debug|Any CPU.Build.0 = Debug|Any CPU
		{C4053576-8146-1F8A-8452-C6D4405765A3}.Release|Any CPU.ActiveCfg = Release|Any CPU
		{C4053576-8146-1F8A-8452-C6D4405765A3}.Release|Any CPU.Build.0 = Release|Any CPU
		{956432B6-6075-6AC5-A800-BF5FF54494A7}.Debug|Any CPU.ActiveCfg = Debug|Any CPU
		{956432B6-6075-6AC5-A800-BF5FF54494A7}.Debug|Any CPU.Build.0 = Debug|Any CPU
		{956432B6-6075-6AC5-A800-BF5FF54494A7}.Release|Any CPU.ActiveCfg = Release|Any CPU
		{956432B6-6075-6AC5-A800-BF5FF54494A7}.Release|Any CPU.Build.0 = Release|Any CPU
		{0463EF6E-51DD-6AF5-BFC6-081F851C6978}.Debug|Any CPU.ActiveCfg = Debug|Any CPU
		{0463EF6E-51DD-6AF5-BFC6-081F851C6978}.Debug|Any CPU.Build.0 = Debug|Any CPU
		{0463EF6E-51DD-6AF5-BFC6-081F851C6978}.Release|Any CPU.ActiveCfg = Release|Any CPU
		{0463EF6E-51DD-6AF5-BFC6-081F851C6978}.Release|Any CPU.Build.0 = Release|Any CPU
		{F9327D1F-C716-AB4B-E2F3-74F5DDF6E0B6}.Debug|Any CPU.ActiveCfg = Debug|Any CPU
		{F9327D1F-C716-AB4B-E2F3-74F5DDF6E0B6}.Debug|Any CPU.Build.0 = Debug|Any CPU
		{F9327D1F-C716-AB4B-E2F3-74F5DDF6E0B6}.Release|Any CPU.ActiveCfg = Release|Any CPU
		{F9327D1F-C716-AB4B-E2F3-74F5DDF6E0B6}.Release|Any CPU.Build.0 = Release|Any CPU
		{948FB553-547E-9FF7-F33D-65181A90229F}.Debug|Any CPU.ActiveCfg = Debug|Any CPU
		{948FB553-547E-9FF7-F33D-65181A90229F}.Debug|Any CPU.Build.0 = Debug|Any CPU
		{948FB553-547E-9FF7-F33D-65181A90229F}.Release|Any CPU.ActiveCfg = Release|Any CPU
		{948FB553-547E-9FF7-F33D-65181A90229F}.Release|Any CPU.Build.0 = Release|Any CPU
		{C80BABC9-06DB-30A3-7553-B359DA96A367}.Debug|Any CPU.ActiveCfg = Debug|Any CPU
		{C80BABC9-06DB-30A3-7553-B359DA96A367}.Debug|Any CPU.Build.0 = Debug|Any CPU
		{C80BABC9-06DB-30A3-7553-B359DA96A367}.Release|Any CPU.ActiveCfg = Release|Any CPU
		{C80BABC9-06DB-30A3-7553-B359DA96A367}.Release|Any CPU.Build.0 = Release|Any CPU
		{117733E0-25BD-0841-4EF4-D52DD28AB7A0}.Debug|Any CPU.ActiveCfg = Debug|Any CPU
		{117733E0-25BD-0841-4EF4-D52DD28AB7A0}.Debug|Any CPU.Build.0 = Debug|Any CPU
		{117733E0-25BD-0841-4EF4-D52DD28AB7A0}.Release|Any CPU.ActiveCfg = Release|Any CPU
		{117733E0-25BD-0841-4EF4-D52DD28AB7A0}.Release|Any CPU.Build.0 = Release|Any CPU
		{CE010106-DA07-7FCE-7988-7226596489C2}.Debug|Any CPU.ActiveCfg = Debug|Any CPU
		{CE010106-DA07-7FCE-7988-7226596489C2}.Debug|Any CPU.Build.0 = Debug|Any CPU
		{CE010106-DA07-7FCE-7988-7226596489C2}.Release|Any CPU.ActiveCfg = Release|Any CPU
		{CE010106-DA07-7FCE-7988-7226596489C2}.Release|Any CPU.Build.0 = Release|Any CPU
		{D427DB8C-E66F-C3C6-5870-D12D73C2C96D}.Debug|Any CPU.ActiveCfg = Debug|Any CPU
		{D427DB8C-E66F-C3C6-5870-D12D73C2C96D}.Debug|Any CPU.Build.0 = Debug|Any CPU
		{D427DB8C-E66F-C3C6-5870-D12D73C2C96D}.Release|Any CPU.ActiveCfg = Release|Any CPU
		{D427DB8C-E66F-C3C6-5870-D12D73C2C96D}.Release|Any CPU.Build.0 = Release|Any CPU
		{39471868-0D29-3078-D8A8-C83643AC515D}.Debug|Any CPU.ActiveCfg = Debug|Any CPU
		{39471868-0D29-3078-D8A8-C83643AC515D}.Debug|Any CPU.Build.0 = Debug|Any CPU
		{39471868-0D29-3078-D8A8-C83643AC515D}.Release|Any CPU.ActiveCfg = Release|Any CPU
		{39471868-0D29-3078-D8A8-C83643AC515D}.Release|Any CPU.Build.0 = Release|Any CPU
	EndGlobalSection
	GlobalSection(SolutionProperties) = preSolution
		HideSolutionNode = FALSE
	EndGlobalSection
EndGlobal
